
Microsoft Visual Studio Solution File, Format Version 12.00
# Visual Studio Version 16
VisualStudioVersion = 16.0.32228.343
MinimumVisualStudioVersion = 10.0.40219.1
Project("{FAE04EC0-301F-11D3-BF4B-00C04F79EFBC}") = "StringsAndArrays", "StringsAndArrays\StringsAndArrays.csproj", "{D18EEB27-03D5-4872-9CFA-58F8E692F669}"
EndProject
Project("{FAE04EC0-301F-11D3-BF4B-00C04F79EFBC}") = "StringAndIndexes", "StringAndIndexes\StringAndIndexes.csproj", "{EC3CDC43-D090-4B57-8858-253F0D56258C}"
EndProject
Project("{FAE04EC0-301F-11D3-BF4B-00C04F79EFBC}") = "ForLoopForString", "ForLoopForString\ForLoopForString.csproj", "{BF2BF9CC-EBD0-4A42-BE83-3AD12B1A97FA}"
EndProject
Project("{FAE04EC0-301F-11D3-BF4B-00C04F79EFBC}") = "OCounter", "OCounter\OCounter.csproj", "{6184A3F4-A0BC-4D84-B744-F7B745E9CF53}"
EndProject
Project("{FAE04EC0-301F-11D3-BF4B-00C04F79EFBC}") = "StringReplace", "StringReplace\StringReplace.csproj", "{DC078F52-6D3D-42AD-8248-EA35A46E2A23}"
EndProject
Project("{FAE04EC0-301F-11D3-BF4B-00C04F79EFBC}") = "NameReverse", "NameReverse\NameReverse.csproj", "{84D979D6-938C-4176-AF7B-EDA9B4E4EC59}"
EndProject
Project("{FAE04EC0-301F-11D3-BF4B-00C04F79EFBC}") = "DontPanic", "DontPanic\DontPanic.csproj", "{D77B77C9-DCC2-4408-87BC-9106C73C6685}"
EndProject
Project("{FAE04EC0-301F-11D3-BF4B-00C04F79EFBC}") = "RandomLetter", "RandomLetter\RandomLetter.csproj", "{A80DBFFF-2853-4850-B2D6-9E521117C9CC}"
EndProject
Global
	GlobalSection(SolutionConfigurationPlatforms) = preSolution
		Debug|Any CPU = Debug|Any CPU
		Release|Any CPU = Release|Any CPU
	EndGlobalSection
	GlobalSection(ProjectConfigurationPlatforms) = postSolution
		{D18EEB27-03D5-4872-9CFA-58F8E692F669}.Debug|Any CPU.ActiveCfg = Debug|Any CPU
		{D18EEB27-03D5-4872-9CFA-58F8E692F669}.Debug|Any CPU.Build.0 = Debug|Any CPU
		{D18EEB27-03D5-4872-9CFA-58F8E692F669}.Release|Any CPU.ActiveCfg = Release|Any CPU
		{D18EEB27-03D5-4872-9CFA-58F8E692F669}.Release|Any CPU.Build.0 = Release|Any CPU
		{EC3CDC43-D090-4B57-8858-253F0D56258C}.Debug|Any CPU.ActiveCfg = Debug|Any CPU
		{EC3CDC43-D090-4B57-8858-253F0D56258C}.Debug|Any CPU.Build.0 = Debug|Any CPU
		{EC3CDC43-D090-4B57-8858-253F0D56258C}.Release|Any CPU.ActiveCfg = Release|Any CPU
		{EC3CDC43-D090-4B57-8858-253F0D56258C}.Release|Any CPU.Build.0 = Release|Any CPU
		{BF2BF9CC-EBD0-4A42-BE83-3AD12B1A97FA}.Debug|Any CPU.ActiveCfg = Debug|Any CPU
		{BF2BF9CC-EBD0-4A42-BE83-3AD12B1A97FA}.Debug|Any CPU.Build.0 = Debug|Any CPU
		{BF2BF9CC-EBD0-4A42-BE83-3AD12B1A97FA}.Release|Any CPU.ActiveCfg = Release|Any CPU
		{BF2BF9CC-EBD0-4A42-BE83-3AD12B1A97FA}.Release|Any CPU.Build.0 = Release|Any CPU
		{6184A3F4-A0BC-4D84-B744-F7B745E9CF53}.Debug|Any CPU.ActiveCfg = Debug|Any CPU
		{6184A3F4-A0BC-4D84-B744-F7B745E9CF53}.Debug|Any CPU.Build.0 = Debug|Any CPU
		{6184A3F4-A0BC-4D84-B744-F7B745E9CF53}.Release|Any CPU.ActiveCfg = Release|Any CPU
		{6184A3F4-A0BC-4D84-B744-F7B745E9CF53}.Release|Any CPU.Build.0 = Release|Any CPU
		{DC078F52-6D3D-42AD-8248-EA35A46E2A23}.Debug|Any CPU.ActiveCfg = Debug|Any CPU
		{DC078F52-6D3D-42AD-8248-EA35A46E2A23}.Debug|Any CPU.Build.0 = Debug|Any CPU
		{DC078F52-6D3D-42AD-8248-EA35A46E2A23}.Release|Any CPU.ActiveCfg = Release|Any CPU
		{DC078F52-6D3D-42AD-8248-EA35A46E2A23}.Release|Any CPU.Build.0 = Release|Any CPU
		{84D979D6-938C-4176-AF7B-EDA9B4E4EC59}.Debug|Any CPU.ActiveCfg = Debug|Any CPU
		{84D979D6-938C-4176-AF7B-EDA9B4E4EC59}.Debug|Any CPU.Build.0 = Debug|Any CPU
		{84D979D6-938C-4176-AF7B-EDA9B4E4EC59}.Release|Any CPU.ActiveCfg = Release|Any CPU
		{84D979D6-938C-4176-AF7B-EDA9B4E4EC59}.Release|Any CPU.Build.0 = Release|Any CPU
		{D77B77C9-DCC2-4408-87BC-9106C73C6685}.Debug|Any CPU.ActiveCfg = Debug|Any CPU
		{D77B77C9-DCC2-4408-87BC-9106C73C6685}.Debug|Any CPU.Build.0 = Debug|Any CPU
		{D77B77C9-DCC2-4408-87BC-9106C73C6685}.Release|Any CPU.ActiveCfg = Release|Any CPU
		{D77B77C9-DCC2-4408-87BC-9106C73C6685}.Release|Any CPU.Build.0 = Release|Any CPU
		{A80DBFFF-2853-4850-B2D6-9E521117C9CC}.Debug|Any CPU.ActiveCfg = Debug|Any CPU
		{A80DBFFF-2853-4850-B2D6-9E521117C9CC}.Debug|Any CPU.Build.0 = Debug|Any CPU
		{A80DBFFF-2853-4850-B2D6-9E521117C9CC}.Release|Any CPU.ActiveCfg = Release|Any CPU
		{A80DBFFF-2853-4850-B2D6-9E521117C9CC}.Release|Any CPU.Build.0 = Release|Any CPU
	EndGlobalSection
	GlobalSection(SolutionProperties) = preSolution
		HideSolutionNode = FALSE
	EndGlobalSection
	GlobalSection(ExtensibilityGlobals) = postSolution
		SolutionGuid = {54BD94CC-6508-4F02-9813-7EB03B2CDE5B}
	EndGlobalSection
EndGlobal
